
Microsoft Visual Studio Solution File, Format Version 12.00
# Visual Studio Version 16
VisualStudioVersion = 16.0.31424.327
MinimumVisualStudioVersion = 10.0.40219.1
Project("{FAE04EC0-301F-11D3-BF4B-00C04F79EFBC}") = "AnimalBehaviours", "AnimalBehaviours\AnimalBehaviours.csproj", "{970DD2D1-FD2C-43AD-9861-8758E424E5F6}"
EndProject
Project("{FAE04EC0-301F-11D3-BF4B-00C04F79EFBC}") = "Animal", "Animal\Animal.csproj", "{2B3795D5-84D3-45E8-8447-F6949C28AE7F}"
EndProject
Global
	GlobalSection(SolutionConfigurationPlatforms) = preSolution
		Debug|Any CPU = Debug|Any CPU
		Release|Any CPU = Release|Any CPU
	EndGlobalSection
	GlobalSection(ProjectConfigurationPlatforms) = postSolution
		{970DD2D1-FD2C-43AD-9861-8758E424E5F6}.Debug|Any CPU.ActiveCfg = Debug|Any CPU
		{970DD2D1-FD2C-43AD-9861-8758E424E5F6}.Debug|Any CPU.Build.0 = Debug|Any CPU
		{970DD2D1-FD2C-43AD-9861-8758E424E5F6}.Release|Any CPU.ActiveCfg = Release|Any CPU
		{970DD2D1-FD2C-43AD-9861-8758E424E5F6}.Release|Any CPU.Build.0 = Release|Any CPU
		{2B3795D5-84D3-45E8-8447-F6949C28AE7F}.Debug|Any CPU.ActiveCfg = Debug|Any CPU
		{2B3795D5-84D3-45E8-8447-F6949C28AE7F}.Debug|Any CPU.Build.0 = Debug|Any CPU
		{2B3795D5-84D3-45E8-8447-F6949C28AE7F}.Release|Any CPU.ActiveCfg = Release|Any CPU
		{2B3795D5-84D3-45E8-8447-F6949C28AE7F}.Release|Any CPU.Build.0 = Release|Any CPU
	EndGlobalSection
	GlobalSection(SolutionProperties) = preSolution
		HideSolutionNode = FALSE
	EndGlobalSection
	GlobalSection(ExtensibilityGlobals) = postSolution
		SolutionGuid = {110F7B38-503F-4905-BC60-8CE1E2713063}
	EndGlobalSection
EndGlobal
